{
  "requires": true,
  "lockfileVersion": 1,
  "dependencies": {
    "@glidejs/glide": {
      "version": "3.2.4",
      "resolved": "https://registry.npmjs.org/@glidejs/glide/-/glide-3.2.4.tgz",
      "integrity": "sha512-ylTX+3NB2XW/y5CCda9xRkO+q+016u6YL8X/zlNGkfDRAx/lm/UtFoXL1EBm+zUDYIAldeoLbloM2vJpH4YwZA=="
    },
    "bootstrap": {
      "version": "4.1.3",
      "resolved": "https://registry.npmjs.org/bootstrap/-/bootstrap-4.1.3.tgz",
      "integrity": "sha512-rDFIzgXcof0jDyjNosjv4Sno77X4KuPeFxG2XZZv1/Kc8DRVGVADdoQyyOVDwPqL36DDmtCQbrpMCqvpPLJQ0w=="
    }
  }
}
